{
  "name": "ragnador",
  "version": "1.0.0",
  "lockfileVersion": 1,
  "requires": true,
  "dependencies": {
    "good-friends-colors": {
      "version": "1.0.0",
      "resolved": "https://registry.npmjs.org/good-friends-colors/-/good-friends-colors-1.0.0.tgz",
      "integrity": "sha512-v3RjtyD3yF+gxxmqAjB9AzQqzMbME6a7iH6Ubp9QrMsgvORWTfTW0lDXlAKEZQu7fsF90Yoz9PS8SUYgSwO+tg=="
    }
  }
}
